
Microsoft Visual Studio Solution File, Format Version 12.00
# Visual Studio Version 16
VisualStudioVersion = 16.0.31424.327
MinimumVisualStudioVersion = 10.0.40219.1
Project("{FAE04EC0-301F-11D3-BF4B-00C04F79EFBC}") = "ArtistsApplicationDemo", "ArtistsApplicationDemo\ArtistsApplicationDemo.csproj", "{646C3E58-42FC-4BAC-94D3-B0C19458A4D9}"
EndProject
Global
	GlobalSection(SolutionConfigurationPlatforms) = preSolution
		Debug|Any CPU = Debug|Any CPU
		Release|Any CPU = Release|Any CPU
	EndGlobalSection
	GlobalSection(ProjectConfigurationPlatforms) = postSolution
		{646C3E58-42FC-4BAC-94D3-B0C19458A4D9}.Debug|Any CPU.ActiveCfg = Debug|Any CPU
		{646C3E58-42FC-4BAC-94D3-B0C19458A4D9}.Debug|Any CPU.Build.0 = Debug|Any CPU
		{646C3E58-42FC-4BAC-94D3-B0C19458A4D9}.Release|Any CPU.ActiveCfg = Release|Any CPU
		{646C3E58-42FC-4BAC-94D3-B0C19458A4D9}.Release|Any CPU.Build.0 = Release|Any CPU
	EndGlobalSection
	GlobalSection(SolutionProperties) = preSolution
		HideSolutionNode = FALSE
	EndGlobalSection
	GlobalSection(ExtensibilityGlobals) = postSolution
		SolutionGuid = {D2037A68-C373-4439-97C8-44413FCCD7E5}
	EndGlobalSection
EndGlobal
